
Microsoft Visual Studio Solution File, Format Version 12.00
# Visual Studio Version 17
VisualStudioVersion = 17.14.36915.13 d17.14
MinimumVisualStudioVersion = 10.0.40219.1
Project("{FAE04EC0-301F-11D3-BF4B-00C04F79EFBC}") = "RabbitMQClient", "RabbitMQClient.csproj", "{0444A7E0-9C14-4BAC-904E-25A177DB0E7A}"
EndProject
Global
	GlobalSection(SolutionConfigurationPlatforms) = preSolution
		Debug|Any CPU = Debug|Any CPU
		Release|Any CPU = Release|Any CPU
	EndGlobalSection
	GlobalSection(ProjectConfigurationPlatforms) = postSolution
		{0444A7E0-9C14-4BAC-904E-25A177DB0E7A}.Debug|Any CPU.ActiveCfg = Debug|Any CPU
		{0444A7E0-9C14-4BAC-904E-25A177DB0E7A}.Debug|Any CPU.Build.0 = Debug|Any CPU
		{0444A7E0-9C14-4BAC-904E-25A177DB0E7A}.Release|Any CPU.ActiveCfg = Release|Any CPU
		{0444A7E0-9C14-4BAC-904E-25A177DB0E7A}.Release|Any CPU.Build.0 = Release|Any CPU
	EndGlobalSection
	GlobalSection(SolutionProperties) = preSolution
		HideSolutionNode = FALSE
	EndGlobalSection
	GlobalSection(ExtensibilityGlobals) = postSolution
		SolutionGuid = {3BF24BEC-FD85-41A2-91FF-F77630521698}
	EndGlobalSection
EndGlobal
